{
    "_meta": {
        "hash": {
            "sha256": "b221b97bc95a67d15e4c227d390f2dd88099ea05344bee198681fe67dc0cc011"
        },
        "pipfile-spec": 6,
        "requires": {
            "python_version": "3.6"
        },
        "sources": [
            {
                "name": "pypi",
                "url": "https://pypi.org/simple",
                "verify_ssl": true
            }
        ]
    },
    "default": {
        "appdirs": {
            "hashes": [
                "sha256:85e58578db8f29538f3109c11250c2a5514a2fcdc9890d9b2fe777eb55517736",
                "sha256:8fc245efb4387a4e3e0ac8ebcc704582df7d72ff6a42a53f5600bbb18fdaadc5"
            ],
            "index": "pypi",
            "version": "==1.4.0"
        },
        "attrs": {
            "hashes": [
                "sha256:69c0dbf2ed392de1cb5ec704444b08a5ef81680a61cb899dc08127123af36a79",
                "sha256:f0b870f674851ecbfbbbd364d6b5cbdff9dcedbc7f3f5e18a6891057f21fe399"
            ],
            "index": "pypi",
            "version": "==19.1.0"
        }
    },
    "develop": {
        "appdirs": {
            "hashes": [
                "sha256:85e58578db8f29538f3109c11250c2a5514a2fcdc9890d9b2fe777eb55517736",
                "sha256:8fc245efb4387a4e3e0ac8ebcc704582df7d72ff6a42a53f5600bbb18fdaadc5"
            ],
            "index": "pypi",
            "version": "==1.4.0"
        },
        "arglinker": {
            "git": "https://github.com/krisztianfekete/arglinker",
            "ref": "251ea90008007f4bbce5ac1860e8a63f8846649c"
        },
        "argparse": {
            "hashes": [
                "sha256:62b089a55be1d8949cd2bc7e0df0bddb9e028faefc8c32038cc84862aefdd6e4",
                "sha256:c31647edb69fd3d465a847ea3157d37bed1f95f19760b11a47aa91c04b666314"
            ],
            "version": "==1.4.0"
        },
        "attrs": {
            "hashes": [
                "sha256:69c0dbf2ed392de1cb5ec704444b08a5ef81680a61cb899dc08127123af36a79",
                "sha256:f0b870f674851ecbfbbbd364d6b5cbdff9dcedbc7f3f5e18a6891057f21fe399"
            ],
            "index": "pypi",
            "version": "==19.1.0"
        },
        "black": {
            "hashes": [
                "sha256:09a9dcb7c46ed496a9850b76e4e825d6049ecd38b611f1224857a79bd985a8cf",
                "sha256:68950ffd4d9169716bcb8719a56c07a2f4485354fec061cdd5910aa07369731c"
            ],
            "index": "pypi",
            "version": "==19.3b0"
        },
        "click": {
            "hashes": [
                "sha256:2335065e6395b9e67ca716de5f7526736bfa6ceead690adf616d925bdc622b13",
                "sha256:5b94b49521f6456670fdb30cd82a4eca9412788a93fa6dd6df72c94d5a8ff2d7"
            ],
            "version": "==7.0"
        },
        "colorama": {
            "hashes": [
                "sha256:05eed71e2e327246ad6b38c540c4a3117230b19679b875190486ddd2d721422d",
                "sha256:f8ac84de7840f5b9c4e3347b3c1eaa50f7e49c2b07596221daec5edaabbd7c48"
            ],
            "version": "==0.4.1"
        },
        "coverage": {
            "hashes": [
                "sha256:01406019418aabb2d4741647cc79b0e0deb0b8c5a6f936936c303e2f82ec8e5b",
                "sha256:01a07b2b9212d4da3a1294436b58ac53f1d7aa445bda666648a5357048dc7ef3",
                "sha256:024682371464c6e3caa975aba12b4d5428f35613489340fce1334c74d590a057",
                "sha256:07c15c4a2287116a41d5966f1f5a7be765640c2e5a1917f882850a24615db6d3",
                "sha256:1d23dea598fb4d61a8577d0eb0cb2b7932db0c8d2e1394088ad5f64e3fe1febf",
                "sha256:1eeb9de833c3b976ee118a8d838af437bfa596bf60a5bf0705f4370e6d181a52",
                "sha256:229ab9c0d53c55d698b8784d53077bef7a5f1fb5d27e90dc7b6f91243b024513",
                "sha256:2f5a8bf29bdc69976d0913745daab11f8265e46ec41153f5e1e1794088019dad",
                "sha256:2f959bc1b40a3ef2c5f0c7bc282226d6d4bd585b239bcce321013afc18ff0a0f",
                "sha256:36407249a0b6669c6ad4425b0f29685579df745480c03afa70f101f09f4eead3",
                "sha256:3efa49e3da8f32071ee3d5d464cc6b6f8818524d4099b4a94b86a70b8c88d4f5",
                "sha256:422bcc6270e1c0cd9043048ce244f49072e9bd78a2c028c2ad2cfd58c79f5936",
                "sha256:4fa2b181c3bf94cfdf841148d5d9abcab1890188dd908a639bcf7a38c50092bc",
                "sha256:57c0c217270e628380f4befbbf8c5312b88ba7d81fd3d1b2218a25a2608f603c",
                "sha256:6ae76a6cd594107ad45525278e8addeae4628a59c8cde3999548d7fe1646465b",
                "sha256:6d3c762c87062a29771015f942752caef42fcc7fe4be2b03186f96788242290c",
                "sha256:8a82664931a071399d703d65af2521e2202b34f2d8db20fa22a922fec0339022",
                "sha256:8b282292973a1dc4eccfcc0776e0fde75b5b3de2e35164c2d854f7dd80149e4b",
                "sha256:9a7874ca91cee8714277cd6d1b52374809ab925bf6ae92607bf02509019caadb",
                "sha256:9c3e6551597593c1afedcbccf1371995f94457aea82cac726d1f3a25f4507386",
                "sha256:a791068e1bbe443fcd3179b1c180c27a7fc58c1554b0d10311b7659d2d2d76f5",
                "sha256:adf04843188418b012dd1974e397a7ac3faa1855cbcd69083e3af4da6de9dd81",
                "sha256:adfbbd4a1d22fd77b13ff992946b19873407e035504abe9ba537494fe013300f",
                "sha256:b25aa3531220faaf1727fc29bc000798476b4a30f429dc07898d5da48caefa15",
                "sha256:c12f34c0b50e9e8bf8c049b6c8ca59929c33cea4b1c48362c99c36838c1ee025",
                "sha256:c736faa1688222a6c8a5d8be4b66ec373ad6dab27fced8ca0d2c80fed70ac6e3",
                "sha256:ca36d83cd591d027952e5019149c4386e7058cd674bf8cb52dc622f768d689e9",
                "sha256:e1fb21a807aa0b5cc79806d8ef09078acaa83f994e15f0f7277489ca8eda51b7",
                "sha256:e53199ae110cb7e250dd5505fde34452514f4eb2f1fb7532270d2ea037454b09",
                "sha256:ea9808001dcf34d368cbef430e7885fdc76a2cf8ea96a8ed8b653797dd9555bb",
                "sha256:eaaefe0f6aa33de5a65f48dd0040d7fe08cac9ac6c35a56d0a7db109c3e733df",
                "sha256:f27772c9ee88ed3f2a784181f3d1724561499e7e448ed1706153336baa706bd5",
                "sha256:f99066d76274800145a2e658026b30962eb5079346249197e88b55c9a7855e6a",
                "sha256:fd3373ccd561b79932d12a986674e642816cfc4db4507b6a22ab30c318a85429"
            ],
            "index": "pypi",
            "version": "==4.3.4"
        },
        "entrypoints": {
            "hashes": [
                "sha256:589f874b313739ad35be6e0cd7efde2a4e9b6fea91edcc34e58ecbb8dbe56d19",
                "sha256:c70dd71abe5a8c85e55e12c19bd91ccfeec11a6e99044204511f9ed547d48451"
            ],
            "version": "==0.3"
        },
        "extras": {
            "hashes": [
                "sha256:132e36de10b9c91d5d4cc620160a476e0468a88f16c9431817a6729611a81b4e",
                "sha256:f689f08df47e2decf76aa6208c081306e7bd472630eb1ec8a875c67de2366e87"
            ],
            "version": "==1.0.0"
        },
        "fixtures": {
            "hashes": [
                "sha256:4603391f62aec34f06a64c50bee558ae723506a1a7224d13f692e05ec53859bb",
                "sha256:b63cf3bb37f83ff815456e2d0e118535ae9a4bf43e76d9a1cf3286041bf717ce"
            ],
            "index": "pypi",
            "version": "==1.3.1"
        },
        "flake8": {
            "hashes": [
                "sha256:19241c1cbc971b9962473e4438a2ca19749a7dd002dd1a946eaba171b4114548",
                "sha256:8e9dfa3cecb2400b3738a42c54c3043e821682b9c840b0448c0503f781130696"
            ],
            "index": "pypi",
            "version": "==3.7.8"
        },
        "green": {
            "hashes": [
                "sha256:161458b53a8bdf76b92316d531758a4df376673e47a91f55100e00386e4be133"
            ],
            "index": "pypi",
            "version": "==2.6.0"
        },
        "linecache2": {
            "hashes": [
                "sha256:4b26ff4e7110db76eeb6f5a7b64a82623839d595c2038eeda662f2a2db78e97c",
                "sha256:e78be9c0a0dfcbac712fe04fbf92b96cddae80b1b842f24248214c8496f006ef"
            ],
            "version": "==1.0.0"
        },
        "mccabe": {
            "hashes": [
                "sha256:ab8a6258860da4b6677da4bd2fe5dc2c659cff31b3ee4f7f5d64e79735b80d42",
                "sha256:dd8d182285a0fe56bace7f45b5e7d1a6ebcbf524e8f3bd87eb0f125271b8831f"
            ],
            "version": "==0.6.1"
        },
        "mypy": {
            "hashes": [
                "sha256:1d98fd818ad3128a5408148c9e4a5edce6ed6b58cc314283e631dd5d9216527b",
                "sha256:22ee018e8fc212fe601aba65d3699689dd29a26410ef0d2cc1943de7bec7e3ac",
                "sha256:3a24f80776edc706ec8d05329e854d5b9e464cd332e25cde10c8da2da0a0db6c",
                "sha256:42a78944e80770f21609f504ca6c8173f7768043205b5ac51c9144e057dcf879",
                "sha256:4b2b20106973548975f0c0b1112eceb4d77ed0cafe0a231a1318f3b3a22fc795",
                "sha256:591a9625b4d285f3ba69f541c84c0ad9e7bffa7794da3fa0585ef13cf95cb021",
                "sha256:5b4b70da3d8bae73b908a90bb2c387b977e59d484d22c604a2131f6f4397c1a3",
                "sha256:84edda1ffeda0941b2ab38ecf49302326df79947fa33d98cdcfbf8ca9cf0bb23",
                "sha256:b2b83d29babd61b876ae375786960a5374bba0e4aba3c293328ca6ca5dc448dd",
                "sha256:cc4502f84c37223a1a5ab700649b5ab1b5e4d2bf2d426907161f20672a21930b",
                "sha256:e29e24dd6e7f39f200a5bb55dcaa645d38a397dd5a6674f6042ef02df5795046"
            ],
            "index": "pypi",
            "version": "==0.730"
        },
        "mypy-extensions": {
            "hashes": [
                "sha256:37e0e956f41369209a3d5f34580150bcacfabaa57b33a15c0b25f4b5725e0812",
                "sha256:b16cabe759f55e3409a7d231ebd2841378fb0c27a5d1994719e340e4f429ac3e"
            ],
            "version": "==0.4.1"
        },
        "pbr": {
            "hashes": [
                "sha256:2c8e420cd4ed4cec4e7999ee47409e876af575d4c35a45840d59e8b5f3155ab8",
                "sha256:b32c8ccaac7b1a20c0ce00ce317642e6cf231cf038f9875e0280e28af5bf7ac9"
            ],
            "version": "==5.4.3"
        },
        "pycodestyle": {
            "hashes": [
                "sha256:95a2219d12372f05704562a14ec30bc76b05a5b297b21a5dfe3f6fac3491ae56",
                "sha256:e40a936c9a450ad81df37f549d676d127b1b66000a6c500caa2b085bc0ca976c"
            ],
            "version": "==2.5.0"
        },
        "pyflakes": {
            "hashes": [
                "sha256:17dbeb2e3f4d772725c777fabc446d5634d1038f234e77343108ce445ea69ce0",
                "sha256:d976835886f8c5b31d47970ed689944a0262b5f3afa00a5a7b4dc81e5449f8a2"
            ],
            "version": "==2.1.1"
        },
        "python-mimeparse": {
            "hashes": [
                "sha256:76e4b03d700a641fd7761d3cd4fdbbdcd787eade1ebfac43f877016328334f78",
                "sha256:a295f03ff20341491bfe4717a39cd0a8cc9afad619ba44b77e86b0ab8a2b8282"
            ],
            "version": "==1.6.0"
        },
        "python-termstyle": {
            "hashes": [
                "sha256:6faf42ba42f2826c38cf70dacb3ac51f248a418e48afc0e36593df11cf3ab1d2",
                "sha256:f42a6bb16fbfc5e2c66d553e7ad46524ea833872f75ee5d827c15115fafc94e2"
            ],
            "version": "==0.1.10"
        },
        "six": {
            "hashes": [
                "sha256:3350809f0555b11f552448330d0b52d5f24c91a322ea4a15ef22629740f3761c",
                "sha256:d16a0141ec1a18405cd4ce8b4613101da75da0e9a7aec5bdd4fa804d0e0eba73"
            ],
            "version": "==1.12.0"
        },
        "testtools": {
            "hashes": [
                "sha256:5a41e3bd19e9cbe7767c2a76055d02f4bdc33e7c3a7fb6bbe47be754e776eab7",
                "sha256:8afd6400fb4e75adb0b29bd09695ecb2024cd7befab4677a58c147701afadd97"
            ],
            "index": "pypi",
            "version": "==1.8.0"
        },
        "toml": {
            "hashes": [
                "sha256:229f81c57791a41d65e399fc06bf0848bab550a9dfd5ed66df18ce5f05e73d5c",
                "sha256:235682dd292d5899d361a811df37e04a8828a5b1da3115886b73cf81ebc9100e"
            ],
            "version": "==0.10.0"
        },
        "traceback2": {
            "hashes": [
                "sha256:05acc67a09980c2ecfedd3423f7ae0104839eccb55fc645773e1caa0951c3030",
                "sha256:8253cebec4b19094d67cc5ed5af99bf1dba1285292226e98a31929f87a5d6b23"
            ],
            "version": "==1.4.0"
        },
        "typed-ast": {
            "hashes": [
                "sha256:18511a0b3e7922276346bcb47e2ef9f38fb90fd31cb9223eed42c85d1312344e",
                "sha256:262c247a82d005e43b5b7f69aff746370538e176131c32dda9cb0f324d27141e",
                "sha256:2b907eb046d049bcd9892e3076c7a6456c93a25bebfe554e931620c90e6a25b0",
                "sha256:354c16e5babd09f5cb0ee000d54cfa38401d8b8891eefa878ac772f827181a3c",
                "sha256:4e0b70c6fc4d010f8107726af5fd37921b666f5b31d9331f0bd24ad9a088e631",
                "sha256:630968c5cdee51a11c05a30453f8cd65e0cc1d2ad0d9192819df9978984529f4",
                "sha256:66480f95b8167c9c5c5c87f32cf437d585937970f3fc24386f313a4c97b44e34",
                "sha256:71211d26ffd12d63a83e079ff258ac9d56a1376a25bc80b1cdcdf601b855b90b",
                "sha256:95bd11af7eafc16e829af2d3df510cecfd4387f6453355188342c3e79a2ec87a",
                "sha256:bc6c7d3fa1325a0c6613512a093bc2a2a15aeec350451cbdf9e1d4bffe3e3233",
                "sha256:cc34a6f5b426748a507dd5d1de4c1978f2eb5626d51326e43280941206c209e1",
                "sha256:d755f03c1e4a51e9b24d899561fec4ccaf51f210d52abdf8c07ee2849b212a36",
                "sha256:d7c45933b1bdfaf9f36c579671fec15d25b06c8398f113dab64c18ed1adda01d",
                "sha256:d896919306dd0aa22d0132f62a1b78d11aaf4c9fc5b3410d3c666b818191630a",
                "sha256:ffde2fbfad571af120fcbfbbc61c72469e72f550d676c3342492a9dfdefb8f12"
            ],
            "version": "==1.4.0"
        },
        "typing-extensions": {
            "hashes": [
                "sha256:2ed632b30bb54fc3941c382decfd0ee4148f5c591651c9272473fea2c6397d95",
                "sha256:b1edbbf0652660e32ae780ac9433f4231e7339c7f9a8057d0f042fcbcea49b87",
                "sha256:d8179012ec2c620d3791ca6fe2bf7979d979acdbef1fca0bc56b37411db682ed"
            ],
            "version": "==3.7.4"
        },
        "unidecode": {
            "hashes": [
                "sha256:1d7a042116536098d05d599ef2b8616759f02985c85b4fef50c78a5aaf10822a",
                "sha256:2b6aab710c2a1647e928e36d69c21e76b453cd455f4e2621000e54b2a9b8cce8"
            ],
            "version": "==1.1.1"
        },
        "unittest2": {
            "hashes": [
                "sha256:13f77d0875db6d9b435e1d4f41e74ad4cc2eb6e1d5c824996092b3430f088bb8",
                "sha256:22882a0e418c284e1f718a822b3b022944d53d2d908e1690b319a9d3eb2c0579"
            ],
            "version": "==1.1.0"
        },
        "vulture": {
            "hashes": [
                "sha256:20e73154efc9c6d2445663bc2f7fbf79b6c562f2b78cafc0ec0463b38610f42d",
                "sha256:a72834a8c9cf254f6ba0a64e9053b800e05df8391b1724702a19b00d7d849a43"
            ],
            "index": "pypi",
            "version": "==1.1"
        }
    }
}
